<<<<<<< HEAD
Microsoft Visual Studio Solution File, Format Version 11.00
# Visual Studio 2008

Project("{87C75E43-D303-6B33-6A94-7DA72A629751}") = "blended", "Assembly-CSharp.csproj", "{7C2E3FB7-A81F-157F-C978-A4ADB5D8EBE0}"
=======
﻿
Microsoft Visual Studio Solution File, Format Version 12.00
# Visual Studio 2015
Project("{FAE04EC0-301F-11D3-BF4B-00C04F79EFBC}") = "blended.CSharp", "blended.CSharp.csproj", "{FDC0E5DB-1720-0C2E-AE10-026D35B758BB}"
>>>>>>> 45a6ea7f92c5fe79205f15520a374d97909d4d9d
EndProject
Global
	GlobalSection(SolutionConfigurationPlatforms) = preSolution
		Debug|Any CPU = Debug|Any CPU
		Release|Any CPU = Release|Any CPU
	EndGlobalSection
	GlobalSection(ProjectConfigurationPlatforms) = postSolution
<<<<<<< HEAD
		{7C2E3FB7-A81F-157F-C978-A4ADB5D8EBE0}.Debug|Any CPU.ActiveCfg = Debug|Any CPU
		{7C2E3FB7-A81F-157F-C978-A4ADB5D8EBE0}.Debug|Any CPU.Build.0 = Debug|Any CPU
		{7C2E3FB7-A81F-157F-C978-A4ADB5D8EBE0}.Release|Any CPU.ActiveCfg = Release|Any CPU
		{7C2E3FB7-A81F-157F-C978-A4ADB5D8EBE0}.Release|Any CPU.Build.0 = Release|Any CPU
=======
		{FDC0E5DB-1720-0C2E-AE10-026D35B758BB}.Debug|Any CPU.ActiveCfg = Debug|Any CPU
		{FDC0E5DB-1720-0C2E-AE10-026D35B758BB}.Debug|Any CPU.Build.0 = Debug|Any CPU
		{FDC0E5DB-1720-0C2E-AE10-026D35B758BB}.Release|Any CPU.ActiveCfg = Release|Any CPU
		{FDC0E5DB-1720-0C2E-AE10-026D35B758BB}.Release|Any CPU.Build.0 = Release|Any CPU
>>>>>>> 45a6ea7f92c5fe79205f15520a374d97909d4d9d
	EndGlobalSection
	GlobalSection(SolutionProperties) = preSolution
		HideSolutionNode = FALSE
	EndGlobalSection
<<<<<<< HEAD
	GlobalSection(MonoDevelopProperties) = preSolution
		StartupItem = Assembly-CSharp.csproj
	EndGlobalSection
=======
>>>>>>> 45a6ea7f92c5fe79205f15520a374d97909d4d9d
EndGlobal
