
Microsoft Visual Studio Solution File, Format Version 12.00
# Visual Studio 2015
Project("{FAE04EC0-301F-11D3-BF4B-00C04F79EFBC}") = "blended.CSharp", "blended.CSharp.csproj", "{FDC0E5DB-1720-0C2E-AE10-026D35B758BB}"
EndProject
Global
	GlobalSection(SolutionConfigurationPlatforms) = preSolution
		Debug|Any CPU = Debug|Any CPU
		Release|Any CPU = Release|Any CPU
	EndGlobalSection
	GlobalSection(ProjectConfigurationPlatforms) = postSolution
		{FDC0E5DB-1720-0C2E-AE10-026D35B758BB}.Debug|Any CPU.ActiveCfg = Debug|Any CPU
		{FDC0E5DB-1720-0C2E-AE10-026D35B758BB}.Debug|Any CPU.Build.0 = Debug|Any CPU
		{FDC0E5DB-1720-0C2E-AE10-026D35B758BB}.Release|Any CPU.ActiveCfg = Release|Any CPU
		{FDC0E5DB-1720-0C2E-AE10-026D35B758BB}.Release|Any CPU.Build.0 = Release|Any CPU
	EndGlobalSection
	GlobalSection(SolutionProperties) = preSolution
		HideSolutionNode = FALSE
	EndGlobalSection
EndGlobal
